{
    "_meta": {
        "hash": {
            "sha256": "41aedfea11a3408279de7253d4fb9f472d6038dcbb0c31c4fdd10edddfbe1328"
        },
        "pipfile-spec": 6,
        "requires": {},
        "sources": [
            {
                "name": "pypi",
                "url": "https://pypi.python.org/simple",
                "verify_ssl": true
            }
        ]
    },
    "default": {
        "appdirs": {
            "hashes": [
                "sha256:9e5896d1372858f8dd3344faf4e5014d21849c756c8d5701f78f8a103b372d92",
                "sha256:d8b24664561d0d34ddfaec54636d502d7cea6e29c3eaf68f3df6180863e2166e"
            ],
            "version": "==1.4.3"
        },
        "certifi": {
            "hashes": [
                "sha256:13e698f54293db9f89122b0581843a782ad0934a4fe0172d2a980ba77fc61bb7",
                "sha256:9fa520c1bacfb634fa7af20a76bcbd3d5fb390481724c597da32c719a7dca4b0"
            ],
            "version": "==2018.4.16"
        },
        "chardet": {
            "hashes": [
                "sha256:84ab92ed1c4d4f16916e05906b6b75a6c0fb5db821cc65e70cbd64a3e2a5eaae",
                "sha256:fc323ffcaeaed0e0a02bf4d117757b98aed530d9ed4531e3e15460124c106691"
            ],
            "version": "==3.0.4"
        },
        "idna": {
            "hashes": [
                "sha256:2c6a5de3089009e3da7c5dde64a141dbc8551d5b7f6cf4ed7c2568d0cc520a8f",
                "sha256:8c7309c718f94b3a625cb648ace320157ad16ff131ae0af362c9f21b80ef6ec4"
            ],
            "version": "==2.6"
        },
        "mpmath": {
            "hashes": [
                "sha256:04d14803b6875fe6d69e6dccea87d5ae5599802e4b1df7997bddd2024001050c"
            ],
            "version": "==1.0.0"
        },
        "nose": {
            "hashes": [
                "sha256:9ff7c6cc443f8c51994b34a667bbcf45afd6d945be7477b52e97516fd17c53ac",
                "sha256:dadcddc0aefbf99eea214e0f1232b94f2fa9bd98fa8353711dacb112bfcbbb2a",
                "sha256:f1bffef9cbc82628f6e7d7b40d7e255aefaa1adb6a1b1d26c69a8b79e6208a98"
            ],
            "index": "pypi",
            "version": "==1.3.7"
        },
        "numpy": {
            "hashes": [
                "sha256:04db2fbd64e2e7c68e740b14402b25af51418fc43a59d9e54172b38b906b0f69",
                "sha256:0d977fb8b9594dff18759ff901135626c82b8b4a6327ab6dce6a3723b3cb920a",
                "sha256:29fe03fb1b68b845d493e3f905650044f2b4ea3d875b9ed36f5c568e7b18bb2f",
                "sha256:2b05451d1f1c237db09990eec032990fbee43d9f65503f09b3f5edcf6fe4093d",
                "sha256:420985a52f6660c94f460413b57ab52fb47c8e2e283c473de91443c0ed76ac11",
                "sha256:556a3ba02f0484584e6b9ada7b931b3edf9f19fc114da311f88b3123f16587e2",
                "sha256:5c5bca330229ea1e33f9170ffee2a9aa60adf0044e9d5446679f5937767f49c6",
                "sha256:659c49cd031ed50caa9b3aa0eba82942f8fa183da51b50caecdd7fb93f9ca33f",
                "sha256:848a6496069794637f502345c7dba1309688d8d4d9264b3938df19c7f8dd51a3",
                "sha256:9a9bfdd0eadc59335ac7cfc7df955e579220719c1e4751f3f0c9c91b6ab4b2f7",
                "sha256:a28fae3ce1c174a5ca97ac31046034772848b31933de7fb94aadaa7d45fb7c48",
                "sha256:a842b8a3c8384aa2f9af724c4c2db18fd4e08139cfd6f77ca8ce189025e90111",
                "sha256:a9ae4a0aa538c1fb64e25c9f9b2b04464a28425c1f0ebc1305ff98f62ddc7b32",
                "sha256:ae5385f4a3255f183ff57dd56b316e3e5294772c2ea49e132df8aaafc9639db5",
                "sha256:b133ed34bd14cb3d7e533d42f03c5bd82bfe0ca60908da0d3e5d7906321ffa36",
                "sha256:b88b880e1dbbc99996bbdb90e2e8ea4800f1273025488a042e549735c7c3eb14",
                "sha256:c1ed4d1d2a795409c7df1eb4bfee65c0e3326cfc7c57875fa39e5c7414116d9a",
                "sha256:d42a7cbddacf36c83f8ae00f8d7f110e5601ae79062fad2fcce9c8d1c17a3b26",
                "sha256:fb409d73e35f36bb212b4b2f54e7b6783bd4e088b5593f712689b47c72af9d89"
            ],
            "index": "pypi",
            "version": "==1.11.2"
        },
        "pkginfo": {
            "hashes": [
                "sha256:5878d542a4b3f237e359926384f1dde4e099c9f5525d236b1840cf704fa8d474",
                "sha256:a39076cb3eb34c333a0dd390b568e9e1e881c7bf2cc0aee12120636816f55aee"
            ],
            "version": "==1.4.2"
        },
        "ply": {
            "hashes": [
                "sha256:e7d1bdff026beb159c9942f7a17e102c375638d9478a7ecd4cc0c76afd8de0b8"
            ],
            "index": "pypi",
            "version": "==3.8"
        },
        "pyomo": {
            "hashes": [
                "sha256:3ec92c64a9efca2be6fbebb56393cec252c1bf564551d1ace218ab408a91352b",
                "sha256:58a389eb625e9d50b18c6edc120071f5cc92b620c27a8864b7d49e78a8caeb6f"
            ],
            "index": "pypi",
            "version": "==5.1.1"
        },
        "pyutilib": {
            "hashes": [
                "sha256:1ca1ddf6aed05d764ae2b17a69a30ee996cd1d7e18ebf849d3107ceedd519ea7",
                "sha256:e86d322fa6e32ca54d7f1664a8eca8558972d7144ad097acb9edb00a68da03ae"
            ],
            "index": "pypi",
            "version": "==5.4.1"
        },
        "requests": {
            "hashes": [
                "sha256:6a1b267aa90cac58ac3a765d067950e7dbbf75b1da07e895d1f594193a40a38b",
                "sha256:9c443e7324ba5b85070c4a818ade28bfabedf16ea10206da1132edaa6dda237e"
            ],
            "version": "==2.18.4"
        },
        "requests-toolbelt": {
            "hashes": [
                "sha256:42c9c170abc2cacb78b8ab23ac957945c7716249206f90874651971a4acff237",
                "sha256:f6a531936c6fa4c6cfce1b9c10d5c4f498d16528d2a54a22ca00011205a187b5"
            ],
            "version": "==0.8.0"
        },
        "six": {
            "hashes": [
                "sha256:70e8a77beed4562e7f14fe23a786b54f6296e34344c23bc42f07b15018ff98e9",
                "sha256:832dc0e10feb1aa2c68dcc57dbb658f1c7e65b9b61af69048abc87a2db00a0eb"
            ],
            "version": "==1.11.0"
        },
        "sympy": {
            "hashes": [
                "sha256:3eacd210d839e4db911d216a9258a3ac6f936992f66db211e22767983297ffae",
                "sha256:75416a8b3b60f14e38c2d70c99ff2f76f512944bd1e0cb20c5a05e49c260df97"
            ],
            "index": "pypi",
            "version": "==1.0"
        },
        "testfixtures": {
            "hashes": [
                "sha256:0a7329d70508de99fa266115bf8a683ab698ae19b5f7198e32b3781cd46b2b74",
                "sha256:99f446175c6346025df1602b45d8e3f1f69ae5d6356a5e095ad7a64a66862aa3"
            ],
            "index": "pypi",
            "version": "==4.8.0"
        },
        "tqdm": {
            "hashes": [
                "sha256:9fc19da10d7c962613cbcb9cdced41230deb31d9e20332da84c96917ff534281",
                "sha256:ce205451a27b6050faed0bb2bcbea96c6a550f8c27cd2b5441d72e948113ad18"
            ],
            "version": "==4.23.3"
        },
        "twine": {
            "hashes": [
                "sha256:08eb132bbaec40c6d25b358f546ec1dc96ebd2638a86eea68769d9e67fe2b129",
                "sha256:2fd9a4d9ff0bcacf41fdc40c8cb0cfaef1f1859457c9653fd1b92237cc4e9f25"
            ],
            "index": "pypi",
            "version": "==1.11.0"
        },
        "urllib3": {
            "hashes": [
                "sha256:06330f386d6e4b195fbfc736b297f58c5a892e4440e54d294d7004e3a9bbea1b",
                "sha256:cc44da8e1145637334317feebd728bd869a35285b93cbb4cca2577da7e62db4f"
            ],
            "version": "==1.22"
        }
    },
    "develop": {}
}
